
Microsoft Visual Studio Solution File, Format Version 12.00
# Visual Studio 14
VisualStudioVersion = 14.0.25420.1
MinimumVisualStudioVersion = 10.0.40219.1
Project("{FAE04EC0-301F-11D3-BF4B-00C04F79EFBC}") = "ConsoleApplication", "ConsoleApplication\ConsoleApplication.csproj", "{54D71CBE-83E8-40EC-BAD2-48683132F0B3}"
EndProject
Project("{FAE04EC0-301F-11D3-BF4B-00C04F79EFBC}") = "WebApi", "WebApi\WebApi.csproj", "{FCA8C63C-20B3-4864-AC10-DFAE90097B31}"
EndProject
Project("{FAE04EC0-301F-11D3-BF4B-00C04F79EFBC}") = "UnitTestProject1", "UnitTestProject1\UnitTestProject1.csproj", "{E470CFF2-A0F6-41FF-9EF9-D9744BF14052}"
EndProject
Project("{FAE04EC0-301F-11D3-BF4B-00C04F79EFBC}") = "DapperLibrary", "DapperLibrary\DapperLibrary.csproj", "{09FB68B2-F6EE-4990-8BB4-B722AB69844D}"
EndProject
Project("{FAE04EC0-301F-11D3-BF4B-00C04F79EFBC}") = "OpenXmlLibrary", "OpenXmlLibrary\OpenXmlLibrary.csproj", "{C5CBBD14-BC1A-40CB-B034-CF034B73F622}"
EndProject
Project("{FAE04EC0-301F-11D3-BF4B-00C04F79EFBC}") = "NPOILibrary", "NPOILibrary\NPOILibrary.csproj", "{5EFBE077-2FC6-446C-8196-C0BA03F8DBCA}"
EndProject
Project("{FAE04EC0-301F-11D3-BF4B-00C04F79EFBC}") = "OLEDBLibrary", "OLEDBLibrary\OLEDBLibrary.csproj", "{278FBDEE-EF0D-4B87-B9F0-21A77DC50616}"
EndProject
Project("{FAE04EC0-301F-11D3-BF4B-00C04F79EFBC}") = "ExcelDataReaderLibrary", "ExcelDataReaderLibrary\ExcelDataReaderLibrary.csproj", "{91AF3D56-BE79-4ACF-9AA9-DCCC55767190}"
EndProject
Project("{FAE04EC0-301F-11D3-BF4B-00C04F79EFBC}") = "CalculatorDemo", "CalculatorDemo\CalculatorDemo.csproj", "{D5BDF016-5181-48E7-90E3-3A46EE31ADAB}"
EndProject
Project("{FAE04EC0-301F-11D3-BF4B-00C04F79EFBC}") = "WinformDemo", "WinformDemo\WinformDemo.csproj", "{77285482-ECD0-4D3B-9728-3F1F16EC1072}"
EndProject
Project("{FAE04EC0-301F-11D3-BF4B-00C04F79EFBC}") = "WebFormDemo", "WebFormDemo\WebFormDemo.csproj", "{19A76BBD-9C06-436B-9CB3-FB54DB2BF6E1}"
EndProject
Project("{FAE04EC0-301F-11D3-BF4B-00C04F79EFBC}") = "ConsoleDemo", "ConsoleDemo\ConsoleDemo.csproj", "{23B07236-F453-475D-BE06-A0BEEB739299}"
EndProject
Global
	GlobalSection(SolutionConfigurationPlatforms) = preSolution
		Debug|Any CPU = Debug|Any CPU
		Debug|x64 = Debug|x64
		Debug|x86 = Debug|x86
		Release|Any CPU = Release|Any CPU
		Release|x64 = Release|x64
		Release|x86 = Release|x86
	EndGlobalSection
	GlobalSection(ProjectConfigurationPlatforms) = postSolution
		{54D71CBE-83E8-40EC-BAD2-48683132F0B3}.Debug|Any CPU.ActiveCfg = Debug|Any CPU
		{54D71CBE-83E8-40EC-BAD2-48683132F0B3}.Debug|Any CPU.Build.0 = Debug|Any CPU
		{54D71CBE-83E8-40EC-BAD2-48683132F0B3}.Debug|x64.ActiveCfg = Debug|x64
		{54D71CBE-83E8-40EC-BAD2-48683132F0B3}.Debug|x64.Build.0 = Debug|x64
		{54D71CBE-83E8-40EC-BAD2-48683132F0B3}.Debug|x86.ActiveCfg = Debug|x86
		{54D71CBE-83E8-40EC-BAD2-48683132F0B3}.Debug|x86.Build.0 = Debug|x86
		{54D71CBE-83E8-40EC-BAD2-48683132F0B3}.Release|Any CPU.ActiveCfg = Release|Any CPU
		{54D71CBE-83E8-40EC-BAD2-48683132F0B3}.Release|Any CPU.Build.0 = Release|Any CPU
		{54D71CBE-83E8-40EC-BAD2-48683132F0B3}.Release|x64.ActiveCfg = Release|x64
		{54D71CBE-83E8-40EC-BAD2-48683132F0B3}.Release|x64.Build.0 = Release|x64
		{54D71CBE-83E8-40EC-BAD2-48683132F0B3}.Release|x86.ActiveCfg = Release|x86
		{54D71CBE-83E8-40EC-BAD2-48683132F0B3}.Release|x86.Build.0 = Release|x86
		{FCA8C63C-20B3-4864-AC10-DFAE90097B31}.Debug|Any CPU.ActiveCfg = Debug|Any CPU
		{FCA8C63C-20B3-4864-AC10-DFAE90097B31}.Debug|Any CPU.Build.0 = Debug|Any CPU
		{FCA8C63C-20B3-4864-AC10-DFAE90097B31}.Debug|x64.ActiveCfg = Debug|x64
		{FCA8C63C-20B3-4864-AC10-DFAE90097B31}.Debug|x64.Build.0 = Debug|x64
		{FCA8C63C-20B3-4864-AC10-DFAE90097B31}.Debug|x86.ActiveCfg = Debug|x86
		{FCA8C63C-20B3-4864-AC10-DFAE90097B31}.Debug|x86.Build.0 = Debug|x86
		{FCA8C63C-20B3-4864-AC10-DFAE90097B31}.Release|Any CPU.ActiveCfg = Release|Any CPU
		{FCA8C63C-20B3-4864-AC10-DFAE90097B31}.Release|Any CPU.Build.0 = Release|Any CPU
		{FCA8C63C-20B3-4864-AC10-DFAE90097B31}.Release|x64.ActiveCfg = Release|x64
		{FCA8C63C-20B3-4864-AC10-DFAE90097B31}.Release|x64.Build.0 = Release|x64
		{FCA8C63C-20B3-4864-AC10-DFAE90097B31}.Release|x86.ActiveCfg = Release|x86
		{FCA8C63C-20B3-4864-AC10-DFAE90097B31}.Release|x86.Build.0 = Release|x86
		{E470CFF2-A0F6-41FF-9EF9-D9744BF14052}.Debug|Any CPU.ActiveCfg = Debug|Any CPU
		{E470CFF2-A0F6-41FF-9EF9-D9744BF14052}.Debug|Any CPU.Build.0 = Debug|Any CPU
		{E470CFF2-A0F6-41FF-9EF9-D9744BF14052}.Debug|x64.ActiveCfg = Debug|x64
		{E470CFF2-A0F6-41FF-9EF9-D9744BF14052}.Debug|x64.Build.0 = Debug|x64
		{E470CFF2-A0F6-41FF-9EF9-D9744BF14052}.Debug|x86.ActiveCfg = Debug|x86
		{E470CFF2-A0F6-41FF-9EF9-D9744BF14052}.Debug|x86.Build.0 = Debug|x86
		{E470CFF2-A0F6-41FF-9EF9-D9744BF14052}.Release|Any CPU.ActiveCfg = Release|Any CPU
		{E470CFF2-A0F6-41FF-9EF9-D9744BF14052}.Release|Any CPU.Build.0 = Release|Any CPU
		{E470CFF2-A0F6-41FF-9EF9-D9744BF14052}.Release|x64.ActiveCfg = Release|x64
		{E470CFF2-A0F6-41FF-9EF9-D9744BF14052}.Release|x64.Build.0 = Release|x64
		{E470CFF2-A0F6-41FF-9EF9-D9744BF14052}.Release|x86.ActiveCfg = Release|x86
		{E470CFF2-A0F6-41FF-9EF9-D9744BF14052}.Release|x86.Build.0 = Release|x86
		{09FB68B2-F6EE-4990-8BB4-B722AB69844D}.Debug|Any CPU.ActiveCfg = Debug|Any CPU
		{09FB68B2-F6EE-4990-8BB4-B722AB69844D}.Debug|Any CPU.Build.0 = Debug|Any CPU
		{09FB68B2-F6EE-4990-8BB4-B722AB69844D}.Debug|x64.ActiveCfg = Debug|x64
		{09FB68B2-F6EE-4990-8BB4-B722AB69844D}.Debug|x64.Build.0 = Debug|x64
		{09FB68B2-F6EE-4990-8BB4-B722AB69844D}.Debug|x86.ActiveCfg = Debug|x86
		{09FB68B2-F6EE-4990-8BB4-B722AB69844D}.Debug|x86.Build.0 = Debug|x86
		{09FB68B2-F6EE-4990-8BB4-B722AB69844D}.Release|Any CPU.ActiveCfg = Release|Any CPU
		{09FB68B2-F6EE-4990-8BB4-B722AB69844D}.Release|Any CPU.Build.0 = Release|Any CPU
		{09FB68B2-F6EE-4990-8BB4-B722AB69844D}.Release|x64.ActiveCfg = Release|x64
		{09FB68B2-F6EE-4990-8BB4-B722AB69844D}.Release|x64.Build.0 = Release|x64
		{09FB68B2-F6EE-4990-8BB4-B722AB69844D}.Release|x86.ActiveCfg = Release|x86
		{09FB68B2-F6EE-4990-8BB4-B722AB69844D}.Release|x86.Build.0 = Release|x86
		{C5CBBD14-BC1A-40CB-B034-CF034B73F622}.Debug|Any CPU.ActiveCfg = Debug|Any CPU
		{C5CBBD14-BC1A-40CB-B034-CF034B73F622}.Debug|Any CPU.Build.0 = Debug|Any CPU
		{C5CBBD14-BC1A-40CB-B034-CF034B73F622}.Debug|x64.ActiveCfg = Debug|x64
		{C5CBBD14-BC1A-40CB-B034-CF034B73F622}.Debug|x64.Build.0 = Debug|x64
		{C5CBBD14-BC1A-40CB-B034-CF034B73F622}.Debug|x86.ActiveCfg = Debug|x86
		{C5CBBD14-BC1A-40CB-B034-CF034B73F622}.Debug|x86.Build.0 = Debug|x86
		{C5CBBD14-BC1A-40CB-B034-CF034B73F622}.Release|Any CPU.ActiveCfg = Release|Any CPU
		{C5CBBD14-BC1A-40CB-B034-CF034B73F622}.Release|Any CPU.Build.0 = Release|Any CPU
		{C5CBBD14-BC1A-40CB-B034-CF034B73F622}.Release|x64.ActiveCfg = Release|x64
		{C5CBBD14-BC1A-40CB-B034-CF034B73F622}.Release|x64.Build.0 = Release|x64
		{C5CBBD14-BC1A-40CB-B034-CF034B73F622}.Release|x86.ActiveCfg = Release|x86
		{C5CBBD14-BC1A-40CB-B034-CF034B73F622}.Release|x86.Build.0 = Release|x86
		{5EFBE077-2FC6-446C-8196-C0BA03F8DBCA}.Debug|Any CPU.ActiveCfg = Debug|Any CPU
		{5EFBE077-2FC6-446C-8196-C0BA03F8DBCA}.Debug|Any CPU.Build.0 = Debug|Any CPU
		{5EFBE077-2FC6-446C-8196-C0BA03F8DBCA}.Debug|x64.ActiveCfg = Debug|x64
		{5EFBE077-2FC6-446C-8196-C0BA03F8DBCA}.Debug|x64.Build.0 = Debug|x64
		{5EFBE077-2FC6-446C-8196-C0BA03F8DBCA}.Debug|x86.ActiveCfg = Debug|x86
		{5EFBE077-2FC6-446C-8196-C0BA03F8DBCA}.Debug|x86.Build.0 = Debug|x86
		{5EFBE077-2FC6-446C-8196-C0BA03F8DBCA}.Release|Any CPU.ActiveCfg = Release|Any CPU
		{5EFBE077-2FC6-446C-8196-C0BA03F8DBCA}.Release|Any CPU.Build.0 = Release|Any CPU
		{5EFBE077-2FC6-446C-8196-C0BA03F8DBCA}.Release|x64.ActiveCfg = Release|x64
		{5EFBE077-2FC6-446C-8196-C0BA03F8DBCA}.Release|x64.Build.0 = Release|x64
		{5EFBE077-2FC6-446C-8196-C0BA03F8DBCA}.Release|x86.ActiveCfg = Release|x86
		{5EFBE077-2FC6-446C-8196-C0BA03F8DBCA}.Release|x86.Build.0 = Release|x86
		{278FBDEE-EF0D-4B87-B9F0-21A77DC50616}.Debug|Any CPU.ActiveCfg = Debug|Any CPU
		{278FBDEE-EF0D-4B87-B9F0-21A77DC50616}.Debug|Any CPU.Build.0 = Debug|Any CPU
		{278FBDEE-EF0D-4B87-B9F0-21A77DC50616}.Debug|x64.ActiveCfg = Debug|x64
		{278FBDEE-EF0D-4B87-B9F0-21A77DC50616}.Debug|x64.Build.0 = Debug|x64
		{278FBDEE-EF0D-4B87-B9F0-21A77DC50616}.Debug|x86.ActiveCfg = Debug|x86
		{278FBDEE-EF0D-4B87-B9F0-21A77DC50616}.Debug|x86.Build.0 = Debug|x86
		{278FBDEE-EF0D-4B87-B9F0-21A77DC50616}.Release|Any CPU.ActiveCfg = Release|Any CPU
		{278FBDEE-EF0D-4B87-B9F0-21A77DC50616}.Release|Any CPU.Build.0 = Release|Any CPU
		{278FBDEE-EF0D-4B87-B9F0-21A77DC50616}.Release|x64.ActiveCfg = Release|x64
		{278FBDEE-EF0D-4B87-B9F0-21A77DC50616}.Release|x64.Build.0 = Release|x64
		{278FBDEE-EF0D-4B87-B9F0-21A77DC50616}.Release|x86.ActiveCfg = Release|x86
		{278FBDEE-EF0D-4B87-B9F0-21A77DC50616}.Release|x86.Build.0 = Release|x86
		{91AF3D56-BE79-4ACF-9AA9-DCCC55767190}.Debug|Any CPU.ActiveCfg = Debug|Any CPU
		{91AF3D56-BE79-4ACF-9AA9-DCCC55767190}.Debug|Any CPU.Build.0 = Debug|Any CPU
		{91AF3D56-BE79-4ACF-9AA9-DCCC55767190}.Debug|x64.ActiveCfg = Debug|Any CPU
		{91AF3D56-BE79-4ACF-9AA9-DCCC55767190}.Debug|x64.Build.0 = Debug|Any CPU
		{91AF3D56-BE79-4ACF-9AA9-DCCC55767190}.Debug|x86.ActiveCfg = Debug|Any CPU
		{91AF3D56-BE79-4ACF-9AA9-DCCC55767190}.Debug|x86.Build.0 = Debug|Any CPU
		{91AF3D56-BE79-4ACF-9AA9-DCCC55767190}.Release|Any CPU.ActiveCfg = Release|Any CPU
		{91AF3D56-BE79-4ACF-9AA9-DCCC55767190}.Release|Any CPU.Build.0 = Release|Any CPU
		{91AF3D56-BE79-4ACF-9AA9-DCCC55767190}.Release|x64.ActiveCfg = Release|Any CPU
		{91AF3D56-BE79-4ACF-9AA9-DCCC55767190}.Release|x64.Build.0 = Release|Any CPU
		{91AF3D56-BE79-4ACF-9AA9-DCCC55767190}.Release|x86.ActiveCfg = Release|Any CPU
		{91AF3D56-BE79-4ACF-9AA9-DCCC55767190}.Release|x86.Build.0 = Release|Any CPU
		{D5BDF016-5181-48E7-90E3-3A46EE31ADAB}.Debug|Any CPU.ActiveCfg = Debug|Any CPU
		{D5BDF016-5181-48E7-90E3-3A46EE31ADAB}.Debug|Any CPU.Build.0 = Debug|Any CPU
		{D5BDF016-5181-48E7-90E3-3A46EE31ADAB}.Debug|x64.ActiveCfg = Debug|Any CPU
		{D5BDF016-5181-48E7-90E3-3A46EE31ADAB}.Debug|x64.Build.0 = Debug|Any CPU
		{D5BDF016-5181-48E7-90E3-3A46EE31ADAB}.Debug|x86.ActiveCfg = Debug|Any CPU
		{D5BDF016-5181-48E7-90E3-3A46EE31ADAB}.Debug|x86.Build.0 = Debug|Any CPU
		{D5BDF016-5181-48E7-90E3-3A46EE31ADAB}.Release|Any CPU.ActiveCfg = Release|Any CPU
		{D5BDF016-5181-48E7-90E3-3A46EE31ADAB}.Release|Any CPU.Build.0 = Release|Any CPU
		{D5BDF016-5181-48E7-90E3-3A46EE31ADAB}.Release|x64.ActiveCfg = Release|Any CPU
		{D5BDF016-5181-48E7-90E3-3A46EE31ADAB}.Release|x64.Build.0 = Release|Any CPU
		{D5BDF016-5181-48E7-90E3-3A46EE31ADAB}.Release|x86.ActiveCfg = Release|Any CPU
		{D5BDF016-5181-48E7-90E3-3A46EE31ADAB}.Release|x86.Build.0 = Release|Any CPU
		{77285482-ECD0-4D3B-9728-3F1F16EC1072}.Debug|Any CPU.ActiveCfg = Debug|Any CPU
		{77285482-ECD0-4D3B-9728-3F1F16EC1072}.Debug|Any CPU.Build.0 = Debug|Any CPU
		{77285482-ECD0-4D3B-9728-3F1F16EC1072}.Debug|x64.ActiveCfg = Debug|Any CPU
		{77285482-ECD0-4D3B-9728-3F1F16EC1072}.Debug|x64.Build.0 = Debug|Any CPU
		{77285482-ECD0-4D3B-9728-3F1F16EC1072}.Debug|x86.ActiveCfg = Debug|Any CPU
		{77285482-ECD0-4D3B-9728-3F1F16EC1072}.Debug|x86.Build.0 = Debug|Any CPU
		{77285482-ECD0-4D3B-9728-3F1F16EC1072}.Release|Any CPU.ActiveCfg = Release|Any CPU
		{77285482-ECD0-4D3B-9728-3F1F16EC1072}.Release|Any CPU.Build.0 = Release|Any CPU
		{77285482-ECD0-4D3B-9728-3F1F16EC1072}.Release|x64.ActiveCfg = Release|Any CPU
		{77285482-ECD0-4D3B-9728-3F1F16EC1072}.Release|x64.Build.0 = Release|Any CPU
		{77285482-ECD0-4D3B-9728-3F1F16EC1072}.Release|x86.ActiveCfg = Release|Any CPU
		{77285482-ECD0-4D3B-9728-3F1F16EC1072}.Release|x86.Build.0 = Release|Any CPU
		{19A76BBD-9C06-436B-9CB3-FB54DB2BF6E1}.Debug|Any CPU.ActiveCfg = Debug|Any CPU
		{19A76BBD-9C06-436B-9CB3-FB54DB2BF6E1}.Debug|Any CPU.Build.0 = Debug|Any CPU
		{19A76BBD-9C06-436B-9CB3-FB54DB2BF6E1}.Debug|x64.ActiveCfg = Debug|Any CPU
		{19A76BBD-9C06-436B-9CB3-FB54DB2BF6E1}.Debug|x64.Build.0 = Debug|Any CPU
		{19A76BBD-9C06-436B-9CB3-FB54DB2BF6E1}.Debug|x86.ActiveCfg = Debug|Any CPU
		{19A76BBD-9C06-436B-9CB3-FB54DB2BF6E1}.Debug|x86.Build.0 = Debug|Any CPU
		{19A76BBD-9C06-436B-9CB3-FB54DB2BF6E1}.Release|Any CPU.ActiveCfg = Release|Any CPU
		{19A76BBD-9C06-436B-9CB3-FB54DB2BF6E1}.Release|Any CPU.Build.0 = Release|Any CPU
		{19A76BBD-9C06-436B-9CB3-FB54DB2BF6E1}.Release|x64.ActiveCfg = Release|Any CPU
		{19A76BBD-9C06-436B-9CB3-FB54DB2BF6E1}.Release|x64.Build.0 = Release|Any CPU
		{19A76BBD-9C06-436B-9CB3-FB54DB2BF6E1}.Release|x86.ActiveCfg = Release|Any CPU
		{19A76BBD-9C06-436B-9CB3-FB54DB2BF6E1}.Release|x86.Build.0 = Release|Any CPU
		{23B07236-F453-475D-BE06-A0BEEB739299}.Debug|Any CPU.ActiveCfg = Debug|Any CPU
		{23B07236-F453-475D-BE06-A0BEEB739299}.Debug|Any CPU.Build.0 = Debug|Any CPU
		{23B07236-F453-475D-BE06-A0BEEB739299}.Debug|x64.ActiveCfg = Debug|Any CPU
		{23B07236-F453-475D-BE06-A0BEEB739299}.Debug|x64.Build.0 = Debug|Any CPU
		{23B07236-F453-475D-BE06-A0BEEB739299}.Debug|x86.ActiveCfg = Debug|Any CPU
		{23B07236-F453-475D-BE06-A0BEEB739299}.Debug|x86.Build.0 = Debug|Any CPU
		{23B07236-F453-475D-BE06-A0BEEB739299}.Release|Any CPU.ActiveCfg = Release|Any CPU
		{23B07236-F453-475D-BE06-A0BEEB739299}.Release|Any CPU.Build.0 = Release|Any CPU
		{23B07236-F453-475D-BE06-A0BEEB739299}.Release|x64.ActiveCfg = Release|Any CPU
		{23B07236-F453-475D-BE06-A0BEEB739299}.Release|x64.Build.0 = Release|Any CPU
		{23B07236-F453-475D-BE06-A0BEEB739299}.Release|x86.ActiveCfg = Release|Any CPU
		{23B07236-F453-475D-BE06-A0BEEB739299}.Release|x86.Build.0 = Release|Any CPU
	EndGlobalSection
	GlobalSection(SolutionProperties) = preSolution
		HideSolutionNode = FALSE
	EndGlobalSection
EndGlobal
